
Microsoft Visual Studio Solution File, Format Version 12.00
# Visual Studio 15
VisualStudioVersion = 15.0.27703.2026
MinimumVisualStudioVersion = 10.0.40219.1
Project("{FAE04EC0-301F-11D3-BF4B-00C04F79EFBC}") = "Constellation", "Constellation\Constellation.csproj", "{6B5A388B-DEBD-4DA8-A643-B51C45B8F38D}"
EndProject
Global
	GlobalSection(SolutionConfigurationPlatforms) = preSolution
		Debug|Any CPU = Debug|Any CPU
		Release|Any CPU = Release|Any CPU
	EndGlobalSection
	GlobalSection(ProjectConfigurationPlatforms) = postSolution
		{6B5A388B-DEBD-4DA8-A643-B51C45B8F38D}.Debug|Any CPU.ActiveCfg = Debug|Any CPU
		{6B5A388B-DEBD-4DA8-A643-B51C45B8F38D}.Debug|Any CPU.Build.0 = Debug|Any CPU
		{6B5A388B-DEBD-4DA8-A643-B51C45B8F38D}.Release|Any CPU.ActiveCfg = Release|Any CPU
		{6B5A388B-DEBD-4DA8-A643-B51C45B8F38D}.Release|Any CPU.Build.0 = Release|Any CPU
	EndGlobalSection
	GlobalSection(SolutionProperties) = preSolution
		HideSolutionNode = FALSE
	EndGlobalSection
	GlobalSection(ExtensibilityGlobals) = postSolution
		SolutionGuid = {6213971D-A385-42AF-B4B7-7838E2214DB9}
	EndGlobalSection
EndGlobal
