
Microsoft Visual Studio Solution File, Format Version 12.00
# Visual Studio 15
VisualStudioVersion = 15.0.26730.12
MinimumVisualStudioVersion = 10.0.40219.1
Project("{FAE04EC0-301F-11D3-BF4B-00C04F79EFBC}") = "SampleAsync.LibThatTakesLong", "SampleAsync.LibThatTakesLong\SampleAsync.LibThatTakesLong.csproj", "{73FE1398-D599-436A-AD86-454FE8F732E4}"
EndProject
Project("{FAE04EC0-301F-11D3-BF4B-00C04F79EFBC}") = "SampleAsync.Excel", "SampleAsync.Excel\SampleAsync.Excel.csproj", "{6B5A388B-DEBD-4DA8-A643-B51C45B8F38D}"
EndProject
Global
	GlobalSection(SolutionConfigurationPlatforms) = preSolution
		Debug|Any CPU = Debug|Any CPU
		Debug|x64 = Debug|x64
		Release|Any CPU = Release|Any CPU
		Release|x64 = Release|x64
	EndGlobalSection
	GlobalSection(ProjectConfigurationPlatforms) = postSolution
		{73FE1398-D599-436A-AD86-454FE8F732E4}.Debug|Any CPU.ActiveCfg = Debug|Any CPU
		{73FE1398-D599-436A-AD86-454FE8F732E4}.Debug|Any CPU.Build.0 = Debug|Any CPU
		{73FE1398-D599-436A-AD86-454FE8F732E4}.Debug|x64.ActiveCfg = Debug|x64
		{73FE1398-D599-436A-AD86-454FE8F732E4}.Debug|x64.Build.0 = Debug|x64
		{73FE1398-D599-436A-AD86-454FE8F732E4}.Release|Any CPU.ActiveCfg = Release|Any CPU
		{73FE1398-D599-436A-AD86-454FE8F732E4}.Release|Any CPU.Build.0 = Release|Any CPU
		{73FE1398-D599-436A-AD86-454FE8F732E4}.Release|x64.ActiveCfg = Release|x64
		{73FE1398-D599-436A-AD86-454FE8F732E4}.Release|x64.Build.0 = Release|x64
		{6B5A388B-DEBD-4DA8-A643-B51C45B8F38D}.Debug|Any CPU.ActiveCfg = Debug|Any CPU
		{6B5A388B-DEBD-4DA8-A643-B51C45B8F38D}.Debug|Any CPU.Build.0 = Debug|Any CPU
		{6B5A388B-DEBD-4DA8-A643-B51C45B8F38D}.Debug|x64.ActiveCfg = Debug|x64
		{6B5A388B-DEBD-4DA8-A643-B51C45B8F38D}.Debug|x64.Build.0 = Debug|x64
		{6B5A388B-DEBD-4DA8-A643-B51C45B8F38D}.Release|Any CPU.ActiveCfg = Release|Any CPU
		{6B5A388B-DEBD-4DA8-A643-B51C45B8F38D}.Release|Any CPU.Build.0 = Release|Any CPU
		{6B5A388B-DEBD-4DA8-A643-B51C45B8F38D}.Release|x64.ActiveCfg = Release|x64
		{6B5A388B-DEBD-4DA8-A643-B51C45B8F38D}.Release|x64.Build.0 = Release|x64
	EndGlobalSection
	GlobalSection(SolutionProperties) = preSolution
		HideSolutionNode = FALSE
	EndGlobalSection
	GlobalSection(ExtensibilityGlobals) = postSolution
		SolutionGuid = {6213971D-A385-42AF-B4B7-7838E2214DB9}
	EndGlobalSection
EndGlobal
